
Microsoft Visual Studio Solution File, Format Version 12.00
# Visual Studio Version 17
VisualStudioVersion = 17.4.33213.308
MinimumVisualStudioVersion = 10.0.40219.1
Project("{FAE04EC0-301F-11D3-BF4B-00C04F79EFBC}") = "UpMeetEventAPI", "UpMeetEventAPI\UpMeetEventAPI.csproj", "{4600F865-4B61-4134-9BCB-1105869B94FB}"
EndProject
Global
	GlobalSection(SolutionConfigurationPlatforms) = preSolution
		Debug|Any CPU = Debug|Any CPU
		Release|Any CPU = Release|Any CPU
	EndGlobalSection
	GlobalSection(ProjectConfigurationPlatforms) = postSolution
		{4600F865-4B61-4134-9BCB-1105869B94FB}.Debug|Any CPU.ActiveCfg = Debug|Any CPU
		{4600F865-4B61-4134-9BCB-1105869B94FB}.Debug|Any CPU.Build.0 = Debug|Any CPU
		{4600F865-4B61-4134-9BCB-1105869B94FB}.Release|Any CPU.ActiveCfg = Release|Any CPU
		{4600F865-4B61-4134-9BCB-1105869B94FB}.Release|Any CPU.Build.0 = Release|Any CPU
	EndGlobalSection
	GlobalSection(SolutionProperties) = preSolution
		HideSolutionNode = FALSE
	EndGlobalSection
	GlobalSection(ExtensibilityGlobals) = postSolution
		SolutionGuid = {07C3FE56-1762-4A31-87A2-3552522A4FD2}
	EndGlobalSection
EndGlobal
